{
  "name": "aplicativo_mobile-cuida_pet",
  "version": "1.0.0",
  "lockfileVersion": 3,
  "requires": true,
  "author": "Equipe Cuida Pet - UNINASSAU (Pedro Alves, Allan Victor, Paulo Ricardo, Gabriel Henrique)",
  "description": "Aplicativo mobile que conecta tutores e clínicas veterinárias, com agendamento de consultas, feed social e notificações.",
  "keywords": [
    "react-native",
    "expo",
    "firebase",
    "veterinário",
    "pets",
    "app-mobile",
    "uninassau",
    "cuida-pet"
  ],
  "license": "MIT",
  "main": "App.js",
  "packages": {},
  "devDependencies": {
    "@babel/core": "^7.25.0",
    "eslint": "^9.0.0",
    "eslint-config-prettier": "^9.1.0",
    "eslint-plugin-react": "^7.34.0",
    "prettier": "^3.3.0"
  },
  "engines": {
    "node": ">=18"
  },
  "repository": {
    "type": "git",
    "url": "https://github.com/pedroalves-ads-uninassau/cuida-pet"
  },
  "scripts": {
    "android": "expo run:android",
    "ios": "expo run:ios",
    "lint": "eslint .",
    "start": "expo start",
    "web": "expo start --web"
  }
}